# THIS IS AN AUTOGENERATED FILE. DO NOT EDIT THIS FILE DIRECTLY.
# yarn lockfile v1


"@types/node@>=6", "@types/node@^14.0.14":
  version "14.0.14"
  resolved "https://registry.yarnpkg.com/@types/node/-/node-14.0.14.tgz#24a0b5959f16ac141aeb0c5b3cd7a15b7c64cbce"
  integrity sha512-syUgf67ZQpaJj01/tRTknkMNoBBLWJOBODF0Zm4NrXmiSuxjymFrxnTu1QVYRubhVkRcZLYZG8STTwJRdVm/WQ==

"@types/zen-observable@^0.8.0":
  version "0.8.0"
  resolved "https://registry.yarnpkg.com/@types/zen-observable/-/zen-observable-0.8.0.tgz#8b63ab7f1aa5321248aad5ac890a485656dcea4d"
  integrity sha512-te5lMAWii1uEJ4FwLjzdlbw3+n0FZNOvFXHxQDKeT0dilh7HOzdMzV2TrJVUzq8ep7J4Na8OUYPRLSQkJHAlrg==

"@wry/context@^0.4.0":
  version "0.4.4"
  resolved "https://registry.yarnpkg.com/@wry/context/-/context-0.4.4.tgz#e50f5fa1d6cfaabf2977d1fda5ae91717f8815f8"
  integrity sha512-LrKVLove/zw6h2Md/KZyWxIkFM6AoyKp71OqpH9Hiip1csjPVoD3tPxlbQUNxEnHENks3UGgNpSBCAfq9KWuag==
  dependencies:
    "@types/node" ">=6"
    tslib "^1.9.3"

"@wry/equality@^0.1.2":
  version "0.1.11"
  resolved "https://registry.yarnpkg.com/@wry/equality/-/equality-0.1.11.tgz#35cb156e4a96695aa81a9ecc4d03787bc17f1790"
  integrity sha512-mwEVBDUVODlsQQ5dfuLUS5/Tf7jqUKyhKYHmVi4fPB6bDMOfWvUPJmKgS1Z7Za/sOI3vzWt4+O7yCiL/70MogA==
  dependencies:
    tslib "^1.9.3"

apollo-cache-inmemory@^1.6.6:
  version "1.6.6"
  resolved "https://registry.yarnpkg.com/apollo-cache-inmemory/-/apollo-cache-inmemory-1.6.6.tgz#56d1f2a463a6b9db32e9fa990af16d2a008206fd"
  integrity sha512-L8pToTW/+Xru2FFAhkZ1OA9q4V4nuvfoPecBM34DecAugUZEBhI2Hmpgnzq2hTKZ60LAMrlqiASm0aqAY6F8/A==
  dependencies:
    apollo-cache "^1.3.5"
    apollo-utilities "^1.3.4"
    optimism "^0.10.0"
    ts-invariant "^0.4.0"
    tslib "^1.10.0"

apollo-cache@1.3.5, apollo-cache@^1.3.5:
  version "1.3.5"
  resolved "https://registry.yarnpkg.com/apollo-cache/-/apollo-cache-1.3.5.tgz#9dbebfc8dbe8fe7f97ba568a224bca2c5d81f461"
  integrity sha512-1XoDy8kJnyWY/i/+gLTEbYLnoiVtS8y7ikBr/IfmML4Qb+CM7dEEbIUOjnY716WqmZ/UpXIxTfJsY7rMcqiCXA==
  dependencies:
    apollo-utilities "^1.3.4"
    tslib "^1.10.0"

apollo-client@^2.6.10:
  version "2.6.10"
  resolved "https://registry.yarnpkg.com/apollo-client/-/apollo-client-2.6.10.tgz#86637047b51d940c8eaa771a4ce1b02df16bea6a"
  integrity sha512-jiPlMTN6/5CjZpJOkGeUV0mb4zxx33uXWdj/xQCfAMkuNAC3HN7CvYDyMHHEzmcQ5GV12LszWoQ/VlxET24CtA==
  dependencies:
    "@types/zen-observable" "^0.8.0"
    apollo-cache "1.3.5"
    apollo-link "^1.0.0"
    apollo-utilities "1.3.4"
    symbol-observable "^1.0.2"
    ts-invariant "^0.4.0"
    tslib "^1.10.0"
    zen-observable "^0.8.0"

apollo-link-context@^1.0.20:
  version "1.0.20"
  resolved "https://registry.yarnpkg.com/apollo-link-context/-/apollo-link-context-1.0.20.tgz#1939ac5dc65d6dff0c855ee53521150053c24676"
  integrity sha512-MLLPYvhzNb8AglNsk2NcL9AvhO/Vc9hn2ZZuegbhRHGet3oGr0YH9s30NS9+ieoM0sGT11p7oZ6oAILM/kiRBA==
  dependencies:
    apollo-link "^1.2.14"
    tslib "^1.9.3"

apollo-link-http-common@^0.2.16:
  version "0.2.16"
  resolved "https://registry.yarnpkg.com/apollo-link-http-common/-/apollo-link-http-common-0.2.16.tgz#756749dafc732792c8ca0923f9a40564b7c59ecc"
  integrity sha512-2tIhOIrnaF4UbQHf7kjeQA/EmSorB7+HyJIIrUjJOKBgnXwuexi8aMecRlqTIDWcyVXCeqLhUnztMa6bOH/jTg==
  dependencies:
    apollo-link "^1.2.14"
    ts-invariant "^0.4.0"
    tslib "^1.9.3"

apollo-link-http@^1.5.17:
  version "1.5.17"
  resolved "https://registry.yarnpkg.com/apollo-link-http/-/apollo-link-http-1.5.17.tgz#499e9f1711bf694497f02c51af12d82de5d8d8ba"
  integrity sha512-uWcqAotbwDEU/9+Dm9e1/clO7hTB2kQ/94JYcGouBVLjoKmTeJTUPQKcJGpPwUjZcSqgYicbFqQSoJIW0yrFvg==
  dependencies:
    apollo-link "^1.2.14"
    apollo-link-http-common "^0.2.16"
    tslib "^1.9.3"

apollo-link@^1.0.0, apollo-link@^1.2.14:
  version "1.2.14"
  resolved "https://registry.yarnpkg.com/apollo-link/-/apollo-link-1.2.14.tgz#3feda4b47f9ebba7f4160bef8b977ba725b684d9"
  integrity sha512-p67CMEFP7kOG1JZ0ZkYZwRDa369w5PIjtMjvrQd/HnIV8FRsHRqLqK+oAZQnFa1DDdZtOtHTi+aMIW6EatC2jg==
  dependencies:
    apollo-utilities "^1.3.0"
    ts-invariant "^0.4.0"
    tslib "^1.9.3"
    zen-observable-ts "^0.8.21"

apollo-utilities@1.3.4, apollo-utilities@^1.3.0, apollo-utilities@^1.3.4:
  version "1.3.4"
  resolved "https://registry.yarnpkg.com/apollo-utilities/-/apollo-utilities-1.3.4.tgz#6129e438e8be201b6c55b0f13ce49d2c7175c9cf"
  integrity sha512-pk2hiWrCXMAy2fRPwEyhvka+mqwzeP60Jr1tRYi5xru+3ko94HI9o6lK0CT33/w4RDlxWchmdhDCrvdr+pHCig==
  dependencies:
    "@wry/equality" "^0.1.2"
    fast-json-stable-stringify "^2.0.0"
    ts-invariant "^0.4.0"
    tslib "^1.10.0"

arg@^4.1.0:
  version "4.1.3"
  resolved "https://registry.yarnpkg.com/arg/-/arg-4.1.3.tgz#269fc7ad5b8e42cb63c896d5666017261c144089"
  integrity sha512-58S9QDqG0Xx27YwPSt9fJxivjYl432YCwfDMfZ+71RAqUrZef7LrKQZ3LHLOwCS4FLNBplP533Zx895SeOCHvA==

axios@^0.19.2:
  version "0.19.2"
  resolved "https://registry.yarnpkg.com/axios/-/axios-0.19.2.tgz#3ea36c5d8818d0d5f8a8a97a6d36b86cdc00cb27"
  integrity sha512-fjgm5MvRHLhx+osE2xoekY70AhARk3a6hkN+3Io1jc00jtquGvxYlKlsFUhmUET0V5te6CcZI7lcv2Ym61mjHA==
  dependencies:
    follow-redirects "1.5.10"

buffer-from@^1.0.0:
  version "1.1.1"
  resolved "https://registry.yarnpkg.com/buffer-from/-/buffer-from-1.1.1.tgz#32713bc028f75c02fdb710d7c7bcec1f2c6070ef"
  integrity sha512-MQcXEUbCKtEo7bhqEs6560Hyd4XaovZlO/k9V3hjVUF/zwW7KBVdSK4gIt/bzwS9MbR5qob+F5jusZsb0YQK2A==

debug@=3.1.0:
  version "3.1.0"
  resolved "https://registry.yarnpkg.com/debug/-/debug-3.1.0.tgz#5bb5a0672628b64149566ba16819e61518c67261"
  integrity sha512-OX8XqP7/1a9cqkxYw2yXss15f26NKWBpDXQd0/uK/KPqdQhxbPa994hnzjcE2VqQpDslf55723cKPUOGSmMY3g==
  dependencies:
    ms "2.0.0"

diff@^4.0.1:
  version "4.0.2"
  resolved "https://registry.yarnpkg.com/diff/-/diff-4.0.2.tgz#60f3aecb89d5fae520c11aa19efc2bb982aade7d"
  integrity sha512-58lmxKSA4BNyLz+HHMUzlOEpg09FV+ev6ZMe3vJihgdxzgcwZ8VoEEPmALCZG9LmqfVoNMMKpttIYTVG6uDY7A==

dotenv@^2.0.0:
  version "2.0.0"
  resolved "https://registry.yarnpkg.com/dotenv/-/dotenv-2.0.0.tgz#bd759c357aaa70365e01c96b7b0bec08a6e0d949"
  integrity sha1-vXWcNXqqcDZeAclrewvsCKbg2Uk=

fast-json-stable-stringify@^2.0.0:
  version "2.1.0"
  resolved "https://registry.yarnpkg.com/fast-json-stable-stringify/-/fast-json-stable-stringify-2.1.0.tgz#874bf69c6f404c2b5d99c481341399fd55892633"
  integrity sha512-lhd/wF+Lk98HZoTCtlVraHtfh5XYijIjalXck7saUtuanSDyLMxnHhSXEDJqHxD7msR8D0uCmqlkwjCV8xvwHw==

follow-redirects@1.5.10:
  version "1.5.10"
  resolved "https://registry.yarnpkg.com/follow-redirects/-/follow-redirects-1.5.10.tgz#7b7a9f9aea2fdff36786a94ff643ed07f4ff5e2a"
  integrity sha512-0V5l4Cizzvqt5D44aTXbFZz+FtyXV1vrDN6qrelxtfYQKW0KO0W2T/hkE8xvGa/540LkZlkaUjO4ailYTFtHVQ==
  dependencies:
    debug "=3.1.0"

graphql-tag@^2.10.3:
  version "2.10.3"
  resolved "https://registry.yarnpkg.com/graphql-tag/-/graphql-tag-2.10.3.tgz#ea1baba5eb8fc6339e4c4cf049dabe522b0edf03"
  integrity sha512-4FOv3ZKfA4WdOKJeHdz6B3F/vxBLSgmBcGeAFPf4n1F64ltJUvOOerNj0rsJxONQGdhUMynQIvd6LzB+1J5oKA==

graphql@^15.2.0:
  version "15.2.0"
  resolved "https://registry.yarnpkg.com/graphql/-/graphql-15.2.0.tgz#d9c655a523a3196d4b23657ec6ec5963b3bd4970"
  integrity sha512-tsceRyHfgzZo+ee0YK3o8f0CR0cXAXxRlxoORWFo/CoM1bVy3UXGWeyzBcf+Y6oqPvO27BDmOEVATcunOO/MrQ==

isomorphic-unfetch@^3.0.0:
  version "3.0.0"
  resolved "https://registry.yarnpkg.com/isomorphic-unfetch/-/isomorphic-unfetch-3.0.0.tgz#de6d80abde487b17de2c400a7ef9e5ecc2efb362"
  integrity sha512-V0tmJSYfkKokZ5mgl0cmfQMTb7MLHsBMngTkbLY0eXvKqiVRRoZP04Ly+KhKrJfKtzC9E6Pp15Jo+bwh7Vi2XQ==
  dependencies:
    node-fetch "^2.2.0"
    unfetch "^4.0.0"

make-error@^1.1.1:
  version "1.3.6"
  resolved "https://registry.yarnpkg.com/make-error/-/make-error-1.3.6.tgz#2eb2e37ea9b67c4891f684a1394799af484cf7a2"
  integrity sha512-s8UhlNe7vPKomQhC1qFelMokr/Sc3AgNbso3n74mVPA5LTZwkB9NlXf4XPamLxJE8h0gh73rM94xvwRT2CVInw==

ms@2.0.0:
  version "2.0.0"
  resolved "https://registry.yarnpkg.com/ms/-/ms-2.0.0.tgz#5608aeadfc00be6c2901df5f9861788de0d597c8"
  integrity sha1-VgiurfwAvmwpAd9fmGF4jeDVl8g=

node-fetch@^2.2.0:
  version "2.6.0"
  resolved "https://registry.yarnpkg.com/node-fetch/-/node-fetch-2.6.0.tgz#e633456386d4aa55863f676a7ab0daa8fdecb0fd"
  integrity sha512-8dG4H5ujfvFiqDmVu9fQ5bOHUC15JMjMY/Zumv26oOvvVJjM67KF8koCWIabKQ1GJIa9r2mMZscBq/TbdOcmNA==

optimism@^0.10.0:
  version "0.10.3"
  resolved "https://registry.yarnpkg.com/optimism/-/optimism-0.10.3.tgz#163268fdc741dea2fb50f300bedda80356445fd7"
  integrity sha512-9A5pqGoQk49H6Vhjb9kPgAeeECfUDF6aIICbMDL23kDLStBn1MWk3YvcZ4xWF9CsSf6XEgvRLkXy4xof/56vVw==
  dependencies:
    "@wry/context" "^0.4.0"

run.env@^1.1.0:
  version "1.1.0"
  resolved "https://registry.yarnpkg.com/run.env/-/run.env-1.1.0.tgz#a33450a9cbf2bc28a67463e51cc64436eda57441"
  integrity sha512-KWs8/mIvCs+LPfoQXp4zPo0gZiQCUNKyV33tN7m6r5jL2ZzT11/A2Y1UACsiSMAB53i7jp26uDN2+AeZuZ7+vw==
  dependencies:
    dotenv "^2.0.0"

source-map-support@^0.5.17:
  version "0.5.19"
  resolved "https://registry.yarnpkg.com/source-map-support/-/source-map-support-0.5.19.tgz#a98b62f86dcaf4f67399648c085291ab9e8fed61"
  integrity sha512-Wonm7zOCIJzBGQdB+thsPar0kYuCIzYvxZwlBa87yi/Mdjv7Tip2cyVbLj5o0cFPN4EVkuTwb3GDDyUx2DGnGw==
  dependencies:
    buffer-from "^1.0.0"
    source-map "^0.6.0"

source-map@^0.6.0:
  version "0.6.1"
  resolved "https://registry.yarnpkg.com/source-map/-/source-map-0.6.1.tgz#74722af32e9614e9c287a8d0bbde48b5e2f1a263"
  integrity sha512-UjgapumWlbMhkBgzT7Ykc5YXUT46F0iKu8SGXq0bcwP5dz/h0Plj6enJqjz1Zbq2l5WaqYnrVbwWOWMyF3F47g==

symbol-observable@^1.0.2:
  version "1.2.0"
  resolved "https://registry.yarnpkg.com/symbol-observable/-/symbol-observable-1.2.0.tgz#c22688aed4eab3cdc2dfeacbb561660560a00804"
  integrity sha512-e900nM8RRtGhlV36KGEU9k65K3mPb1WV70OdjfxlG2EAuM1noi/E/BaW/uMhL7bPEssK8QV57vN3esixjUvcXQ==

ts-invariant@^0.4.0:
  version "0.4.4"
  resolved "https://registry.yarnpkg.com/ts-invariant/-/ts-invariant-0.4.4.tgz#97a523518688f93aafad01b0e80eb803eb2abd86"
  integrity sha512-uEtWkFM/sdZvRNNDL3Ehu4WVpwaulhwQszV8mrtcdeE8nN00BV9mAmQ88RkrBhFgl9gMgvjJLAQcZbnPXI9mlA==
  dependencies:
    tslib "^1.9.3"

ts-node@^8.10.2:
  version "8.10.2"
  resolved "https://registry.yarnpkg.com/ts-node/-/ts-node-8.10.2.tgz#eee03764633b1234ddd37f8db9ec10b75ec7fb8d"
  integrity sha512-ISJJGgkIpDdBhWVu3jufsWpK3Rzo7bdiIXJjQc0ynKxVOVcg2oIrf2H2cejminGrptVc6q6/uynAHNCuWGbpVA==
  dependencies:
    arg "^4.1.0"
    diff "^4.0.1"
    make-error "^1.1.1"
    source-map-support "^0.5.17"
    yn "3.1.1"

tslib@^1.10.0, tslib@^1.9.3:
  version "1.13.0"
  resolved "https://registry.yarnpkg.com/tslib/-/tslib-1.13.0.tgz#c881e13cc7015894ed914862d276436fa9a47043"
  integrity sha512-i/6DQjL8Xf3be4K/E6Wgpekn5Qasl1usyw++dAA35Ue5orEn65VIxOA+YvNNl9HV3qv70T7CNwjODHZrLwvd1Q==

typescript@^3.9.5:
  version "3.9.6"
  resolved "https://registry.yarnpkg.com/typescript/-/typescript-3.9.6.tgz#8f3e0198a34c3ae17091b35571d3afd31999365a"
  integrity sha512-Pspx3oKAPJtjNwE92YS05HQoY7z2SFyOpHo9MqJor3BXAGNaPUs83CuVp9VISFkSjyRfiTpmKuAYGJB7S7hOxw==

unfetch@^4.0.0:
  version "4.1.0"
  resolved "https://registry.yarnpkg.com/unfetch/-/unfetch-4.1.0.tgz#6ec2dd0de887e58a4dee83a050ded80ffc4137db"
  integrity sha512-crP/n3eAPUJxZXM9T80/yv0YhkTEx2K1D3h7D1AJM6fzsWZrxdyRuLN0JH/dkZh1LNH8LxCnBzoPFCPbb2iGpg==

yn@3.1.1:
  version "3.1.1"
  resolved "https://registry.yarnpkg.com/yn/-/yn-3.1.1.tgz#1e87401a09d767c1d5eab26a6e4c185182d2eb50"
  integrity sha512-Ux4ygGWsu2c7isFWe8Yu1YluJmqVhxqK2cLXNQA5AcC3QfbGNpM7fu0Y8b/z16pXLnFxZYvWhd3fhBY9DLmC6Q==

zen-observable-ts@^0.8.21:
  version "0.8.21"
  resolved "https://registry.yarnpkg.com/zen-observable-ts/-/zen-observable-ts-0.8.21.tgz#85d0031fbbde1eba3cd07d3ba90da241215f421d"
  integrity sha512-Yj3yXweRc8LdRMrCC8nIc4kkjWecPAUVh0TI0OUrWXx6aX790vLcDlWca6I4vsyCGH3LpWxq0dJRcMOFoVqmeg==
  dependencies:
    tslib "^1.9.3"
    zen-observable "^0.8.0"

zen-observable@^0.8.0:
  version "0.8.15"
  resolved "https://registry.yarnpkg.com/zen-observable/-/zen-observable-0.8.15.tgz#96415c512d8e3ffd920afd3889604e30b9eaac15"
  integrity sha512-PQ2PC7R9rslx84ndNBZB/Dkv8V8fZEpk83RLgXtYd0fwUgEjseMn1Dgajh2x6S8QbZAFa9p2qVCEuYZNgve0dQ==
